
Microsoft Visual Studio Solution File, Format Version 12.00
# Visual Studio Version 17
VisualStudioVersion = 17.8.34511.84
MinimumVisualStudioVersion = 10.0.40219.1
Project("{FAE04EC0-301F-11D3-BF4B-00C04F79EFBC}") = "NhapChuongTrinhQuanLyKTX", "NhapChuongTrinhQuanLyKTX.csproj", "{CEA0171A-DF19-4185-B036-D7536D3DB876}"
EndProject
Global
	GlobalSection(SolutionConfigurationPlatforms) = preSolution
		Debug|Any CPU = Debug|Any CPU
		Release|Any CPU = Release|Any CPU
	EndGlobalSection
	GlobalSection(ProjectConfigurationPlatforms) = postSolution
		{CEA0171A-DF19-4185-B036-D7536D3DB876}.Debug|Any CPU.ActiveCfg = Debug|Any CPU
		{CEA0171A-DF19-4185-B036-D7536D3DB876}.Debug|Any CPU.Build.0 = Debug|Any CPU
		{CEA0171A-DF19-4185-B036-D7536D3DB876}.Release|Any CPU.ActiveCfg = Release|Any CPU
		{CEA0171A-DF19-4185-B036-D7536D3DB876}.Release|Any CPU.Build.0 = Release|Any CPU
	EndGlobalSection
	GlobalSection(SolutionProperties) = preSolution
		HideSolutionNode = FALSE
	EndGlobalSection
	GlobalSection(ExtensibilityGlobals) = postSolution
		SolutionGuid = {EB52D36E-32D5-4132-BC77-4F4BC94E22B1}
	EndGlobalSection
EndGlobal
